
Microsoft Visual Studio Solution File, Format Version 12.00
# Visual Studio Version 17
VisualStudioVersion = 17.4.33213.308
MinimumVisualStudioVersion = 10.0.40219.1
Project("{9A19103F-16F7-4668-BE54-9A1E7A4F7556}") = "Learn.TemplateStudio", "Learn.TemplateStudio\Learn.TemplateStudio.csproj", "{81737DF3-3A91-4D31-A2F6-1A879CBE9284}"
EndProject
Project("{9A19103F-16F7-4668-BE54-9A1E7A4F7556}") = "Learn.TemplateStudio.Core", "Learn.TemplateStudio.Core\Learn.TemplateStudio.Core.csproj", "{957ED339-60B3-4A8A-8AF9-2333A026F732}"
EndProject
Project("{FAE04EC0-301F-11D3-BF4B-00C04F79EFBC}") = "Imlight.Hmi.Module.Authorization", "Imlight.Hmi.Module.Authorization\Imlight.Hmi.Module.Authorization.csproj", "{6D9745F2-7AD7-4BDD-8ED1-93C95EA0CC83}"
EndProject
Global
	GlobalSection(SolutionConfigurationPlatforms) = preSolution
		Debug|Any CPU = Debug|Any CPU
		Release|Any CPU = Release|Any CPU
	EndGlobalSection
	GlobalSection(ProjectConfigurationPlatforms) = postSolution
		{81737DF3-3A91-4D31-A2F6-1A879CBE9284}.Debug|Any CPU.ActiveCfg = Debug|Any CPU
		{81737DF3-3A91-4D31-A2F6-1A879CBE9284}.Debug|Any CPU.Build.0 = Debug|Any CPU
		{81737DF3-3A91-4D31-A2F6-1A879CBE9284}.Release|Any CPU.ActiveCfg = Release|Any CPU
		{81737DF3-3A91-4D31-A2F6-1A879CBE9284}.Release|Any CPU.Build.0 = Release|Any CPU
		{957ED339-60B3-4A8A-8AF9-2333A026F732}.Debug|Any CPU.ActiveCfg = Debug|Any CPU
		{957ED339-60B3-4A8A-8AF9-2333A026F732}.Debug|Any CPU.Build.0 = Debug|Any CPU
		{957ED339-60B3-4A8A-8AF9-2333A026F732}.Release|Any CPU.ActiveCfg = Release|Any CPU
		{957ED339-60B3-4A8A-8AF9-2333A026F732}.Release|Any CPU.Build.0 = Release|Any CPU
		{6D9745F2-7AD7-4BDD-8ED1-93C95EA0CC83}.Debug|Any CPU.ActiveCfg = Debug|Any CPU
		{6D9745F2-7AD7-4BDD-8ED1-93C95EA0CC83}.Debug|Any CPU.Build.0 = Debug|Any CPU
		{6D9745F2-7AD7-4BDD-8ED1-93C95EA0CC83}.Release|Any CPU.ActiveCfg = Release|Any CPU
		{6D9745F2-7AD7-4BDD-8ED1-93C95EA0CC83}.Release|Any CPU.Build.0 = Release|Any CPU
	EndGlobalSection
	GlobalSection(SolutionProperties) = preSolution
		HideSolutionNode = FALSE
	EndGlobalSection
	GlobalSection(ExtensibilityGlobals) = postSolution
		SolutionGuid = {9C94DE73-F0A6-4593-9921-910CB99DDA5D}
	EndGlobalSection
EndGlobal
