
Microsoft Visual Studio Solution File, Format Version 12.00
Project("{FAE04EC0-301F-11D3-BF4B-00C04F79EFBC}") = "Learn.PrismFramework", "Learn.PrismFramework\Learn.PrismFramework.csproj", "{C1A62682-6AF2-4A08-A7EA-CCF016122959}"
EndProject
Project("{FAE04EC0-301F-11D3-BF4B-00C04F79EFBC}") = "Learn.PrismFramework.Modules.News", "Learn.PrismFramework.Modules.News\Learn.PrismFramework.Modules.News.csproj", "{4C5FFBD4-98C3-4F52-A0D0-321C505963E2}"
EndProject
Global
	GlobalSection(SolutionConfigurationPlatforms) = preSolution
		Debug|Any CPU = Debug|Any CPU
		Release|Any CPU = Release|Any CPU
	EndGlobalSection
	GlobalSection(ProjectConfigurationPlatforms) = postSolution
		{C1A62682-6AF2-4A08-A7EA-CCF016122959}.Debug|Any CPU.ActiveCfg = Debug|Any CPU
		{C1A62682-6AF2-4A08-A7EA-CCF016122959}.Debug|Any CPU.Build.0 = Debug|Any CPU
		{C1A62682-6AF2-4A08-A7EA-CCF016122959}.Release|Any CPU.ActiveCfg = Release|Any CPU
		{C1A62682-6AF2-4A08-A7EA-CCF016122959}.Release|Any CPU.Build.0 = Release|Any CPU
		{4C5FFBD4-98C3-4F52-A0D0-321C505963E2}.Debug|Any CPU.ActiveCfg = Debug|Any CPU
		{4C5FFBD4-98C3-4F52-A0D0-321C505963E2}.Debug|Any CPU.Build.0 = Debug|Any CPU
		{4C5FFBD4-98C3-4F52-A0D0-321C505963E2}.Release|Any CPU.ActiveCfg = Release|Any CPU
		{4C5FFBD4-98C3-4F52-A0D0-321C505963E2}.Release|Any CPU.Build.0 = Release|Any CPU
	EndGlobalSection
EndGlobal
