
Microsoft Visual Studio Solution File, Format Version 12.00
Project("{FAE04EC0-301F-11D3-BF4B-00C04F79EFBC}") = "Learn.MultipleFrameworks", "Learn.MultipleFrameworks\Learn.MultipleFrameworks.csproj", "{7BD83670-E701-4984-BD5E-9D368EAC59B2}"
EndProject
Project("{FAE04EC0-301F-11D3-BF4B-00C04F79EFBC}") = "Imlight.Hmi.Module.Dialogs", "..\..\..\..\..\Backend\imlight.hmi\Module\Imlight.Hmi.Module.Dialogs\Imlight.Hmi.Module.Dialogs.csproj", "{AB8DD314-B9EA-4AD9-BDCD-D99811F7104B}"
EndProject
Project("{FAE04EC0-301F-11D3-BF4B-00C04F79EFBC}") = "Imlight.Hmi.Module.Keyboards", "..\..\..\..\..\Backend\imlight.hmi\Module\Imlight.Hmi.Module.Keyboards\Imlight.Hmi.Module.Keyboards.csproj", "{1864016C-0F26-411B-B9CB-118A063CBCBB}"
EndProject
Project("{FAE04EC0-301F-11D3-BF4B-00C04F79EFBC}") = "Imlight.Hmi.Base.Core", "..\..\..\..\..\Backend\imlight.hmi\Base\Core\Imlight.Hmi.Base.Core.csproj", "{18AF652E-BA8E-4332-9D58-655E16FC783C}"
EndProject
Project("{FAE04EC0-301F-11D3-BF4B-00C04F79EFBC}") = "Imlight.Hmi.Base.Wpf", "..\..\..\..\..\Backend\imlight.hmi\Base\Wpf\Imlight.Hmi.Base.Wpf.csproj", "{C6261183-7DF6-4877-8DBA-8BBC6D8E6778}"
EndProject
Global
	GlobalSection(SolutionConfigurationPlatforms) = preSolution
		Debug|Any CPU = Debug|Any CPU
		Release|Any CPU = Release|Any CPU
	EndGlobalSection
	GlobalSection(ProjectConfigurationPlatforms) = postSolution
		{7BD83670-E701-4984-BD5E-9D368EAC59B2}.Debug|Any CPU.ActiveCfg = Debug|Any CPU
		{7BD83670-E701-4984-BD5E-9D368EAC59B2}.Debug|Any CPU.Build.0 = Debug|Any CPU
		{7BD83670-E701-4984-BD5E-9D368EAC59B2}.Release|Any CPU.ActiveCfg = Release|Any CPU
		{7BD83670-E701-4984-BD5E-9D368EAC59B2}.Release|Any CPU.Build.0 = Release|Any CPU
		{AB8DD314-B9EA-4AD9-BDCD-D99811F7104B}.Debug|Any CPU.ActiveCfg = Debug|Any CPU
		{AB8DD314-B9EA-4AD9-BDCD-D99811F7104B}.Debug|Any CPU.Build.0 = Debug|Any CPU
		{AB8DD314-B9EA-4AD9-BDCD-D99811F7104B}.Release|Any CPU.ActiveCfg = Release|Any CPU
		{AB8DD314-B9EA-4AD9-BDCD-D99811F7104B}.Release|Any CPU.Build.0 = Release|Any CPU
		{1864016C-0F26-411B-B9CB-118A063CBCBB}.Debug|Any CPU.ActiveCfg = Debug|Any CPU
		{1864016C-0F26-411B-B9CB-118A063CBCBB}.Debug|Any CPU.Build.0 = Debug|Any CPU
		{1864016C-0F26-411B-B9CB-118A063CBCBB}.Release|Any CPU.ActiveCfg = Release|Any CPU
		{1864016C-0F26-411B-B9CB-118A063CBCBB}.Release|Any CPU.Build.0 = Release|Any CPU
		{18AF652E-BA8E-4332-9D58-655E16FC783C}.Debug|Any CPU.ActiveCfg = Debug|Any CPU
		{18AF652E-BA8E-4332-9D58-655E16FC783C}.Debug|Any CPU.Build.0 = Debug|Any CPU
		{18AF652E-BA8E-4332-9D58-655E16FC783C}.Release|Any CPU.ActiveCfg = Release|Any CPU
		{18AF652E-BA8E-4332-9D58-655E16FC783C}.Release|Any CPU.Build.0 = Release|Any CPU
		{C6261183-7DF6-4877-8DBA-8BBC6D8E6778}.Debug|Any CPU.ActiveCfg = Debug|Any CPU
		{C6261183-7DF6-4877-8DBA-8BBC6D8E6778}.Debug|Any CPU.Build.0 = Debug|Any CPU
		{C6261183-7DF6-4877-8DBA-8BBC6D8E6778}.Release|Any CPU.ActiveCfg = Release|Any CPU
		{C6261183-7DF6-4877-8DBA-8BBC6D8E6778}.Release|Any CPU.Build.0 = Release|Any CPU
	EndGlobalSection
EndGlobal
